<?xml version="1.0" encoding="utf-8"?>
<Project ToolsVersion="4.0" xmlns="http://schemas.microsoft.com/developer/msbuild/2003">
  <ItemGroup>
    <Filter Include="源文件">
      <UniqueIdentifier>{4FC737F1-C7A5-4376-A066-2A32D752A2FF}</UniqueIdentifier>
      <Extensions>cpp;c;cc;cxx;c++;cppm;ixx;def;odl;idl;hpj;bat;asm;asmx</Extensions>
    </Filter>
    <Filter Include="头文件">
      <UniqueIdentifier>{93995380-89BD-4b04-88EB-625FBE52EBFB}</UniqueIdentifier>
      <Extensions>h;hh;hpp;hxx;h++;hm;inl;inc;ipp;xsd</Extensions>
    </Filter>
    <Filter Include="资源文件">
      <UniqueIdentifier>{67DA6AB6-F800-4c08-8B7A-83BB121AAD01}</UniqueIdentifier>
      <Extensions>rc;ico;cur;bmp;dlg;rc2;rct;bin;rgs;gif;jpg;jpeg;jpe;resx;tiff;tif;png;wav;mfcribbon-ms</Extensions>
    </Filter>
    <Filter Include="imgui">
      <UniqueIdentifier>{129314d9-f0be-4e15-a4ac-fb1699937cb8}</UniqueIdentifier>
    </Filter>
    <Filter Include="资源文件\shaders">
      <UniqueIdentifier>{6a2ddfc5-5459-40fd-a81b-2946b9681298}</UniqueIdentifier>
    </Filter>
    <Filter Include="src">
      <UniqueIdentifier>{a1b2c3d4-e5f6-7890-abcd-ef1234567890}</UniqueIdentifier>
    </Filter>
    <Filter Include="src\Core">
      <UniqueIdentifier>{b2c3d4e5-f6a7-8901-bcde-f12345678901}</UniqueIdentifier>
    </Filter>
    <Filter Include="src\Terrain">
      <UniqueIdentifier>{c3d4e5f6-a7b8-9012-cdef-123456789012}</UniqueIdentifier>
    </Filter>
    <Filter Include="src\Water">
      <UniqueIdentifier>{d4e5f6a7-b8c9-0123-defa-234567890123}</UniqueIdentifier>
    </Filter>
    <Filter Include="src\Environment">
      <UniqueIdentifier>{e5f6a7b8-c9d0-1234-efab-345678901234}</UniqueIdentifier>
    </Filter>
    <Filter Include="src\Editor">
      <UniqueIdentifier>{f6a7b8c9-d0e1-2345-fabc-456789012345}</UniqueIdentifier>
    </Filter>
    <Filter Include="src\PostProcess">
      <UniqueIdentifier>{61d0c4dd-cef1-4272-a865-6d7b3e4fda27}</UniqueIdentifier>
    </Filter>
  </ItemGroup>
  <ItemGroup>
    <ClCompile Include="src\main.cpp">
      <Filter>src</Filter>
    </ClCompile>
    <ClCompile Include="C:\Users\Lenovo\Downloads\glad\src\glad.c">
      <Filter>源文件</Filter>
    </ClCompile>
    <ClCompile Include="src\Core\stb_image_impl.cpp">
      <Filter>src\Core</Filter>
    </ClCompile>
    <ClCompile Include="src\Core\Shader.cpp">
      <Filter>src\Core</Filter>
    </ClCompile>
    <ClCompile Include="src\Core\Texture.cpp">
      <Filter>src\Core</Filter>
    </ClCompile>
    <ClCompile Include="src\Core\Mesh.cpp">
      <Filter>src\Core</Filter>
    </ClCompile>
    <ClCompile Include="src\Core\Cubemap.cpp">
      <Filter>src\Core</Filter>
    </ClCompile>
    <ClCompile Include="src\Environment\Skybox.cpp">
      <Filter>src\Environment</Filter>
    </ClCompile>
    <ClCompile Include="src\Environment\Lighting.cpp">
      <Filter>src\Environment</Filter>
    </ClCompile>
    <ClCompile Include="src\Application.cpp">
      <Filter>src</Filter>
    </ClCompile>
    <ClCompile Include="src\RoamingApp.cpp">
      <Filter>src</Filter>
    </ClCompile>
    <ClCompile Include="src\Terrain\HeightmapLoader.cpp">
      <Filter>src\Terrain</Filter>
    </ClCompile>
    <ClCompile Include="src\Terrain\Frustum.cpp">
      <Filter>src\Terrain</Filter>
    </ClCompile>
    <ClCompile Include="src\Terrain\TerrainChunk.cpp">
      <Filter>src\Terrain</Filter>
    </ClCompile>
    <ClCompile Include="src\Terrain\ChunkedTerrain.cpp">
      <Filter>src\Terrain</Filter>
    </ClCompile>
    <ClCompile Include="src\Terrain\Terrain.cpp">
      <Filter>src\Terrain</Filter>
    </ClCompile>
    <ClCompile Include="src\Water\Water.cpp">
      <Filter>src\Water</Filter>
    </ClCompile>
    <ClCompile Include="src\Water\WaterFramebuffers.cpp">
      <Filter>src\Water</Filter>
    </ClCompile>
    <ClCompile Include="src\Editor\SceneSettings.cpp">
      <Filter>src\Editor</Filter>
    </ClCompile>
    <ClCompile Include="imgui\imgui.cpp">
      <Filter>imgui</Filter>
    </ClCompile>
    <ClCompile Include="imgui\imgui_demo.cpp">
      <Filter>imgui</Filter>
    </ClCompile>
    <ClCompile Include="imgui\imgui_draw.cpp">
      <Filter>imgui</Filter>
    </ClCompile>
    <ClCompile Include="imgui\imgui_impl_glfw.cpp">
      <Filter>imgui</Filter>
    </ClCompile>
    <ClCompile Include="imgui\imgui_impl_opengl3.cpp">
      <Filter>imgui</Filter>
    </ClCompile>
    <ClCompile Include="imgui\imgui_tables.cpp">
      <Filter>imgui</Filter>
    </ClCompile>
    <ClCompile Include="imgui\imgui_widgets.cpp">
      <Filter>imgui</Filter>
    </ClCompile>
    <ClCompile Include="src\PostProcess\SSAO.cpp">
      <Filter>src\PostProcess</Filter>
    </ClCompile>
  </ItemGroup>
  <ItemGroup>
    <ClInclude Include="src\Core\Shader.h">
      <Filter>src\Core</Filter>
    </ClInclude>
    <ClInclude Include="imgui\imconfig.h">
      <Filter>imgui</Filter>
    </ClInclude>
    <ClInclude Include="imgui\imgui.h">
      <Filter>imgui</Filter>
    </ClInclude>
    <ClInclude Include="imgui\imgui_impl_glfw.h">
      <Filter>imgui</Filter>
    </ClInclude>
    <ClInclude Include="imgui\imgui_impl_opengl3.h">
      <Filter>imgui</Filter>
    </ClInclude>
    <ClInclude Include="imgui\imgui_impl_opengl3_loader.h">
      <Filter>imgui</Filter>
    </ClInclude>
    <ClInclude Include="imgui\imgui_internal.h">
      <Filter>imgui</Filter>
    </ClInclude>
    <ClInclude Include="imgui\imstb_rectpack.h">
      <Filter>imgui</Filter>
    </ClInclude>
    <ClInclude Include="imgui\imstb_textedit.h">
      <Filter>imgui</Filter>
    </ClInclude>
    <ClInclude Include="imgui\imstb_truetype.h">
      <Filter>imgui</Filter>
    </ClInclude>
    <ClInclude Include="src\Core\Camera.h">
      <Filter>src\Core</Filter>
    </ClInclude>
    <ClInclude Include="src\Core\Texture.h">
      <Filter>src\Core</Filter>
    </ClInclude>
    <ClInclude Include="src\Core\Mesh.h">
      <Filter>src\Core</Filter>
    </ClInclude>
    <ClInclude Include="src\Core\Cubemap.h">
      <Filter>src\Core</Filter>
    </ClInclude>
    <ClInclude Include="src\Environment\Skybox.h">
      <Filter>src\Environment</Filter>
    </ClInclude>
    <ClInclude Include="src\Environment\Lighting.h">
      <Filter>src\Environment</Filter>
    </ClInclude>
    <ClInclude Include="src\Application.h">
      <Filter>src</Filter>
    </ClInclude>
    <ClInclude Include="src\RoamingApp.h">
      <Filter>src</Filter>
    </ClInclude>
    <ClInclude Include="src\Terrain\HeightmapLoader.h">
      <Filter>src\Terrain</Filter>
    </ClInclude>
    <ClInclude Include="src\Terrain\Frustum.h">
      <Filter>src\Terrain</Filter>
    </ClInclude>
    <ClInclude Include="src\Terrain\TerrainChunk.h">
      <Filter>src\Terrain</Filter>
    </ClInclude>
    <ClInclude Include="src\Terrain\ChunkedTerrain.h">
      <Filter>src\Terrain</Filter>
    </ClInclude>
    <ClInclude Include="src\Terrain\Terrain.h">
      <Filter>src\Terrain</Filter>
    </ClInclude>
    <ClInclude Include="src\Water\Water.h">
      <Filter>src\Water</Filter>
    </ClInclude>
    <ClInclude Include="src\Water\WaterFramebuffers.h">
      <Filter>src\Water</Filter>
    </ClInclude>
    <ClInclude Include="src\Editor\SceneSettings.h">
      <Filter>src\Editor</Filter>
    </ClInclude>
    <ClInclude Include="src\PostProcess\SSAO.h">
      <Filter>src\PostProcess</Filter>
    </ClInclude>
  </ItemGroup>
  <ItemGroup>
    <None Include="shaders\test.frag">
      <Filter>资源文件\shaders</Filter>
    </None>
    <None Include="shaders\test.vert">
      <Filter>资源文件\shaders</Filter>
    </None>
    <None Include="shaders\terrain.vert">
      <Filter>资源文件\shaders</Filter>
    </None>
    <None Include="shaders\terrain.frag">
      <Filter>资源文件\shaders</Filter>
    </None>
    <None Include="shaders\skybox.vert">
      <Filter>资源文件\shaders</Filter>
    </None>
    <None Include="shaders\skybox.frag">
      <Filter>资源文件\shaders</Filter>
    </None>
    <None Include="shaders\water.vert">
      <Filter>资源文件\shaders</Filter>
    </None>
    <None Include="shaders\water.frag">
      <Filter>资源文件\shaders</Filter>
    </None>
  </ItemGroup>
</Project>